{
  "object": {
    "pins": [
      {
        "package": "Connector",
        "repositoryURL": "https://github.com/renatocardial/poc-connector.git",
        "state": {
          "branch": "master",
          "revision": "bc7cc928799a48027d93675f3fa3a309be0fca99",
          "version": null
        }
      },
      {
        "package": "PNetwork",
        "repositoryURL": "https://github.com/renatocardial/poc-pnetwork.git",
        "state": {
          "branch": null,
          "revision": "da87dd3b56173568813c0c658805e1945827abd9",
          "version": "1.0.0"
        }
      }
    ]
  },
  "version": 1
}
